
Microsoft Visual Studio Solution File, Format Version 11.00
# Visual Studio 2010
Project("{FAE04EC0-301F-11D3-BF4B-00C04F79EFBC}") = "MissileCommand", "MissileCommand\MissileCommand\MissileCommand.csproj", "{883F0DD8-2DA1-4CD9-AF09-F97EF08FBEF6}"
EndProject
Project("{96E2B04D-8817-42C6-938A-82C39BA4D311}") = "MissileCommandContent", "MissileCommand\MissileCommandContent\MissileCommandContent.contentproj", "{98EB26A7-B982-4800-808F-806D6C52DB87}"
EndProject
Global
	GlobalSection(SolutionConfigurationPlatforms) = preSolution
		Debug|x86 = Debug|x86
		Release|x86 = Release|x86
	EndGlobalSection
	GlobalSection(ProjectConfigurationPlatforms) = postSolution
		{883F0DD8-2DA1-4CD9-AF09-F97EF08FBEF6}.Debug|x86.ActiveCfg = Debug|x86
		{883F0DD8-2DA1-4CD9-AF09-F97EF08FBEF6}.Debug|x86.Build.0 = Debug|x86
		{883F0DD8-2DA1-4CD9-AF09-F97EF08FBEF6}.Release|x86.ActiveCfg = Release|x86
		{883F0DD8-2DA1-4CD9-AF09-F97EF08FBEF6}.Release|x86.Build.0 = Release|x86
		{98EB26A7-B982-4800-808F-806D6C52DB87}.Debug|x86.ActiveCfg = Debug|x86
		{98EB26A7-B982-4800-808F-806D6C52DB87}.Release|x86.ActiveCfg = Release|x86
	EndGlobalSection
	GlobalSection(SolutionProperties) = preSolution
		HideSolutionNode = FALSE
	EndGlobalSection
EndGlobal
